{
  "name": "kingofpopmj1.github.io",
  "version": "1.0.0",
  "lockfileVersion": 3,
  "requires": true,
  "packages": {
    "": {
      "name": "kingofpopmj1.github.io",
      "version": "1.0.0",
      "license": "ISC",
      "dependencies": {
        "@ln-e/node-ssi": "^1.0.1"
      }
    },
    "node_modules/@ln-e/node-ssi": {
      "version": "1.0.1",
      "resolved": "https://registry.npmjs.org/@ln-e/node-ssi/-/node-ssi-1.0.1.tgz",
      "integrity": "sha512-Z/JyfQz+17LuvkD3MISQiZh0ErtwOpOg78gUeLZkmh1NCIvqx3O23w/Xwd6qyoxsQHGGuWGmWx0LpnqdiKfOIQ==",
      "license": "MIT"
    }
  }
}
